// !$*UTF8*$!
{
	archiveVersion = 1;
	classes = {
	};
	objectVersion = 56;
	objects = {

/* Begin PBXBuildFile section */
		5E41892F2B0669DB0070EDA4 /* AppDelegate.swift in Sources */ = {isa = PBXBuildFile; fileRef = 5E41892E2B0669DB0070EDA4 /* AppDelegate.swift */; };
		5E4189312B0669DB0070EDA4 /* SceneDelegate.swift in Sources */ = {isa = PBXBuildFile; fileRef = 5E4189302B0669DB0070EDA4 /* SceneDelegate.swift */; };
		5E4189332B0669DB0070EDA4 /* ViewController.swift in Sources */ = {isa = PBXBuildFile; fileRef = 5E4189322B0669DB0070EDA4 /* ViewController.swift */; };
		5E4189362B0669DB0070EDA4 /* Main.storyboard in Resources */ = {isa = PBXBuildFile; fileRef = 5E4189342B0669DB0070EDA4 /* Main.storyboard */; };
		5E4189382B0669DC0070EDA4 /* Assets.xcassets in Resources */ = {isa = PBXBuildFile; fileRef = 5E4189372B0669DC0070EDA4 /* Assets.xcassets */; };
		5E41893B2B0669DC0070EDA4 /* LaunchScreen.storyboard in Resources */ = {isa = PBXBuildFile; fileRef = 5E4189392B0669DC0070EDA4 /* LaunchScreen.storyboard */; };
		5E4189462B0669DC0070EDA4 /* SKUifyTests.swift in Sources */ = {isa = PBXBuildFile; fileRef = 5E4189452B0669DC0070EDA4 /* SKUifyTests.swift */; };
		5E4189502B0669DC0070EDA4 /* SKUifyUITests.swift in Sources */ = {isa = PBXBuildFile; fileRef = 5E41894F2B0669DC0070EDA4 /* SKUifyUITests.swift */; };
		5E4189522B0669DC0070EDA4 /* SKUifyUITestsLaunchTests.swift in Sources */ = {isa = PBXBuildFile; fileRef = 5E4189512B0669DC0070EDA4 /* SKUifyUITestsLaunchTests.swift */; };
/* End PBXBuildFile section */

/* Begin PBXContainerItemProxy section */
		5E4189422B0669DC0070EDA4 /* PBXContainerItemProxy */ = {
			isa = PBXContainerItemProxy;
			containerPortal = 5E4189232B0669DB0070EDA4 /* Project object */;
			proxyType = 1;
			remoteGlobalIDString = 5E41892A2B0669DB0070EDA4;
			remoteInfo = SKUify;
		};
		5E41894C2B0669DC0070EDA4 /* PBXContainerItemProxy */ = {
			isa = PBXContainerItemProxy;
			containerPortal = 5E4189232B0669DB0070EDA4 /* Project object */;
			proxyType = 1;
			remoteGlobalIDString = 5E41892A2B0669DB0070EDA4;
			remoteInfo = SKUify;
		};
/* End PBXContainerItemProxy section */

/* Begin PBXFileReference section */
		5E41892B2B0669DB0070EDA4 /* SKUify.app */ = {isa = PBXFileReference; explicitFileType = wrapper.application; includeInIndex = 0; path = SKUify.app; sourceTree = BUILT_PRODUCTS_DIR; };
		5E41892E2B0669DB0070EDA4 /* AppDelegate.swift */ = {isa = PBXFileReference; lastKnownFileType = sourcecode.swift; path = AppDelegate.swift; sourceTree = "<group>"; };
		5E4189302B0669DB0070EDA4 /* SceneDelegate.swift */ = {isa = PBXFileReference; lastKnownFileType = sourcecode.swift; path = SceneDelegate.swift; sourceTree = "<group>"; };
		5E4189322B0669DB0070EDA4 /* ViewController.swift */ = {isa = PBXFileReference; lastKnownFileType = sourcecode.swift; path = ViewController.swift; sourceTree = "<group>"; };
		5E4189352B0669DB0070EDA4 /* Base */ = {isa = PBXFileReference; lastKnownFileType = file.storyboard; name = Base; path = Base.lproj/Main.storyboard; sourceTree = "<group>"; };
		5E4189372B0669DC0070EDA4 /* Assets.xcassets */ = {isa = PBXFileReference; lastKnownFileType = folder.assetcatalog; path = Assets.xcassets; sourceTree = "<group>"; };
		5E41893A2B0669DC0070EDA4 /* Base */ = {isa = PBXFileReference; lastKnownFileType = file.storyboard; name = Base; path = Base.lproj/LaunchScreen.storyboard; sourceTree = "<group>"; };
		5E41893C2B0669DC0070EDA4 /* Info.plist */ = {isa = PBXFileReference; lastKnownFileType = text.plist.xml; path = Info.plist; sourceTree = "<group>"; };
		5E4189412B0669DC0070EDA4 /* SKUifyTests.xctest */ = {isa = PBXFileReference; explicitFileType = wrapper.cfbundle; includeInIndex = 0; path = SKUifyTests.xctest; sourceTree = BUILT_PRODUCTS_DIR; };
		5E4189452B0669DC0070EDA4 /* SKUifyTests.swift */ = {isa = PBXFileReference; lastKnownFileType = sourcecode.swift; path = SKUifyTests.swift; sourceTree = "<group>"; };
		5E41894B2B0669DC0070EDA4 /* SKUifyUITests.xctest */ = {isa = PBXFileReference; explicitFileType = wrapper.cfbundle; includeInIndex = 0; path = SKUifyUITests.xctest; sourceTree = BUILT_PRODUCTS_DIR; };
		5E41894F2B0669DC0070EDA4 /* SKUifyUITests.swift */ = {isa = PBXFileReference; lastKnownFileType = sourcecode.swift; path = SKUifyUITests.swift; sourceTree = "<group>"; };
		5E4189512B0669DC0070EDA4 /* SKUifyUITestsLaunchTests.swift */ = {isa = PBXFileReference; lastKnownFileType = sourcecode.swift; path = SKUifyUITestsLaunchTests.swift; sourceTree = "<group>"; };
/* End PBXFileReference section */

/* Begin PBXFrameworksBuildPhase section */
		5E4189282B0669DB0070EDA4 /* Frameworks */ = {
			isa = PBXFrameworksBuildPhase;
			buildActionMask = 2147483647;
			files = (
			);
			runOnlyForDeploymentPostprocessing = 0;
		};
		5E41893E2B0669DC0070EDA4 /* Frameworks */ = {
			isa = PBXFrameworksBuildPhase;
			buildActionMask = 2147483647;
			files = (
			);
			runOnlyForDeploymentPostprocessing = 0;
		};
		5E4189482B0669DC0070EDA4 /* Frameworks */ = {
			isa = PBXFrameworksBuildPhase;
			buildActionMask = 2147483647;
			files = (
			);
			runOnlyForDeploymentPostprocessing = 0;
		};
/* End PBXFrameworksBuildPhase section */

/* Begin PBXGroup section */
		5E4189222B0669DB0070EDA4 = {
			isa = PBXGroup;
			children = (
				5E41892D2B0669DB0070EDA4 /* SKUify */,
				5E4189442B0669DC0070EDA4 /* SKUifyTests */,
				5E41894E2B0669DC0070EDA4 /* SKUifyUITests */,
				5E41892C2B0669DB0070EDA4 /* Products */,
			);
			sourceTree = "<group>";
		};
		5E41892C2B0669DB0070EDA4 /* Products */ = {
			isa = PBXGroup;
			children = (
				5E41892B2B0669DB0070EDA4 /* SKUify.app */,
				5E4189412B0669DC0070EDA4 /* SKUifyTests.xctest */,
				5E41894B2B0669DC0070EDA4 /* SKUifyUITests.xctest */,
			);
			name = Products;
			sourceTree = "<group>";
		};
		5E41892D2B0669DB0070EDA4 /* SKUify */ = {
			isa = PBXGroup;
			children = (
				5E41892E2B0669DB0070EDA4 /* AppDelegate.swift */,
				5E4189302B0669DB0070EDA4 /* SceneDelegate.swift */,
				5E4189322B0669DB0070EDA4 /* ViewController.swift */,
				5E4189342B0669DB0070EDA4 /* Main.storyboard */,
				5E4189372B0669DC0070EDA4 /* Assets.xcassets */,
				5E4189392B0669DC0070EDA4 /* LaunchScreen.storyboard */,
				5E41893C2B0669DC0070EDA4 /* Info.plist */,
			);
			path = SKUify;
			sourceTree = "<group>";
		};
		5E4189442B0669DC0070EDA4 /* SKUifyTests */ = {
			isa = PBXGroup;
			children = (
				5E4189452B0669DC0070EDA4 /* SKUifyTests.swift */,
			);
			path = SKUifyTests;
			sourceTree = "<group>";
		};
		5E41894E2B0669DC0070EDA4 /* SKUifyUITests */ = {
			isa = PBXGroup;
			children = (
				5E41894F2B0669DC0070EDA4 /* SKUifyUITests.swift */,
				5E4189512B0669DC0070EDA4 /* SKUifyUITestsLaunchTests.swift */,
			);
			path = SKUifyUITests;
			sourceTree = "<group>";
		};
/* End PBXGroup section */

/* Begin PBXNativeTarget section */
		5E41892A2B0669DB0070EDA4 /* SKUify */ = {
			isa = PBXNativeTarget;
			buildConfigurationList = 5E4189552B0669DC0070EDA4 /* Build configuration list for PBXNativeTarget "SKUify" */;
			buildPhases = (
				5E4189272B0669DB0070EDA4 /* Sources */,
				5E4189282B0669DB0070EDA4 /* Frameworks */,
				5E4189292B0669DB0070EDA4 /* Resources */,
			);
			buildRules = (
			);
			dependencies = (
			);
			name = SKUify;
			productName = SKUify;
			productReference = 5E41892B2B0669DB0070EDA4 /* SKUify.app */;
			productType = "com.apple.product-type.application";
		};
		5E4189402B0669DC0070EDA4 /* SKUifyTests */ = {
			isa = PBXNativeTarget;
			buildConfigurationList = 5E4189582B0669DC0070EDA4 /* Build configuration list for PBXNativeTarget "SKUifyTests" */;
			buildPhases = (
				5E41893D2B0669DC0070EDA4 /* Sources */,
				5E41893E2B0669DC0070EDA4 /* Frameworks */,
				5E41893F2B0669DC0070EDA4 /* Resources */,
			);
			buildRules = (
			);
			dependencies = (
				5E4189432B0669DC0070EDA4 /* PBXTargetDependency */,
			);
			name = SKUifyTests;
			productName = SKUifyTests;
			productReference = 5E4189412B0669DC0070EDA4 /* SKUifyTests.xctest */;
			productType = "com.apple.product-type.bundle.unit-test";
		};
		5E41894A2B0669DC0070EDA4 /* SKUifyUITests */ = {
			isa = PBXNativeTarget;
			buildConfigurationList = 5E41895B2B0669DC0070EDA4 /* Build configuration list for PBXNativeTarget "SKUifyUITests" */;
			buildPhases = (
				5E4189472B0669DC0070EDA4 /* Sources */,
				5E4189482B0669DC0070EDA4 /* Frameworks */,
				5E4189492B0669DC0070EDA4 /* Resources */,
			);
			buildRules = (
			);
			dependencies = (
				5E41894D2B0669DC0070EDA4 /* PBXTargetDependency */,
			);
			name = SKUifyUITests;
			productName = SKUifyUITests;
			productReference = 5E41894B2B0669DC0070EDA4 /* SKUifyUITests.xctest */;
			productType = "com.apple.product-type.bundle.ui-testing";
		};
/* End PBXNativeTarget section */

/* Begin PBXProject section */
		5E4189232B0669DB0070EDA4 /* Project object */ = {
			isa = PBXProject;
			attributes = {
				BuildIndependentTargetsInParallel = 1;
				LastSwiftUpdateCheck = 1420;
				LastUpgradeCheck = 1420;
				TargetAttributes = {
					5E41892A2B0669DB0070EDA4 = {
						CreatedOnToolsVersion = 14.2;
					};
					5E4189402B0669DC0070EDA4 = {
						CreatedOnToolsVersion = 14.2;
						TestTargetID = 5E41892A2B0669DB0070EDA4;
					};
					5E41894A2B0669DC0070EDA4 = {
						CreatedOnToolsVersion = 14.2;
						TestTargetID = 5E41892A2B0669DB0070EDA4;
					};
				};
			};
			buildConfigurationList = 5E4189262B0669DB0070EDA4 /* Build configuration list for PBXProject "SKUify" */;
			compatibilityVersion = "Xcode 14.0";
			developmentRegion = en;
			hasScannedForEncodings = 0;
			knownRegions = (
				en,
				Base,
			);
			mainGroup = 5E4189222B0669DB0070EDA4;
			productRefGroup = 5E41892C2B0669DB0070EDA4 /* Products */;
			projectDirPath = "";
			projectRoot = "";
			targets = (
				5E41892A2B0669DB0070EDA4 /* SKUify */,
				5E4189402B0669DC0070EDA4 /* SKUifyTests */,
				5E41894A2B0669DC0070EDA4 /* SKUifyUITests */,
			);
		};
/* End PBXProject section */

/* Begin PBXResourcesBuildPhase section */
		5E4189292B0669DB0070EDA4 /* Resources */ = {
			isa = PBXResourcesBuildPhase;
			buildActionMask = 2147483647;
			files = (
				5E41893B2B0669DC0070EDA4 /* LaunchScreen.storyboard in Resources */,
				5E4189382B0669DC0070EDA4 /* Assets.xcassets in Resources */,
				5E4189362B0669DB0070EDA4 /* Main.storyboard in Resources */,
			);
			runOnlyForDeploymentPostprocessing = 0;
		};
		5E41893F2B0669DC0070EDA4 /* Resources */ = {
			isa = PBXResourcesBuildPhase;
			buildActionMask = 2147483647;
			files = (
			);
			runOnlyForDeploymentPostprocessing = 0;
		};
		5E4189492B0669DC0070EDA4 /* Resources */ = {
			isa = PBXResourcesBuildPhase;
			buildActionMask = 2147483647;
			files = (
			);
			runOnlyForDeploymentPostprocessing = 0;
		};
/* End PBXResourcesBuildPhase section */

/* Begin PBXSourcesBuildPhase section */
		5E4189272B0669DB0070EDA4 /* Sources */ = {
			isa = PBXSourcesBuildPhase;
			buildActionMask = 2147483647;
			files = (
				5E4189332B0669DB0070EDA4 /* ViewController.swift in Sources */,
				5E41892F2B0669DB0070EDA4 /* AppDelegate.swift in Sources */,
				5E4189312B0669DB0070EDA4 /* SceneDelegate.swift in Sources */,
			);
			runOnlyForDeploymentPostprocessing = 0;
		};
		5E41893D2B0669DC0070EDA4 /* Sources */ = {
			isa = PBXSourcesBuildPhase;
			buildActionMask = 2147483647;
			files = (
				5E4189462B0669DC0070EDA4 /* SKUifyTests.swift in Sources */,
			);
			runOnlyForDeploymentPostprocessing = 0;
		};
		5E4189472B0669DC0070EDA4 /* Sources */ = {
			isa = PBXSourcesBuildPhase;
			buildActionMask = 2147483647;
			files = (
				5E4189502B0669DC0070EDA4 /* SKUifyUITests.swift in Sources */,
				5E4189522B0669DC0070EDA4 /* SKUifyUITestsLaunchTests.swift in Sources */,
			);
			runOnlyForDeploymentPostprocessing = 0;
		};
/* End PBXSourcesBuildPhase section */

/* Begin PBXTargetDependency section */
		5E4189432B0669DC0070EDA4 /* PBXTargetDependency */ = {
			isa = PBXTargetDependency;
			target = 5E41892A2B0669DB0070EDA4 /* SKUify */;
			targetProxy = 5E4189422B0669DC0070EDA4 /* PBXContainerItemProxy */;
		};
		5E41894D2B0669DC0070EDA4 /* PBXTargetDependency */ = {
			isa = PBXTargetDependency;
			target = 5E41892A2B0669DB0070EDA4 /* SKUify */;
			targetProxy = 5E41894C2B0669DC0070EDA4 /* PBXContainerItemProxy */;
		};
/* End PBXTargetDependency section */

/* Begin PBXVariantGroup section */
		5E4189342B0669DB0070EDA4 /* Main.storyboard */ = {
			isa = PBXVariantGroup;
			children = (
				5E4189352B0669DB0070EDA4 /* Base */,
			);
			name = Main.storyboard;
			sourceTree = "<group>";
		};
		5E4189392B0669DC0070EDA4 /* LaunchScreen.storyboard */ = {
			isa = PBXVariantGroup;
			children = (
				5E41893A2B0669DC0070EDA4 /* Base */,
			);
			name = LaunchScreen.storyboard;
			sourceTree = "<group>";
		};
/* End PBXVariantGroup section */

/* Begin XCBuildConfiguration section */
		5E4189532B0669DC0070EDA4 /* Debug */ = {
			isa = XCBuildConfiguration;
			buildSettings = {
				ALWAYS_SEARCH_USER_PATHS = NO;
				CLANG_ANALYZER_NONNULL = YES;
				CLANG_ANALYZER_NUMBER_OBJECT_CONVERSION = YES_AGGRESSIVE;
				CLANG_CXX_LANGUAGE_STANDARD = "gnu++20";
				CLANG_ENABLE_MODULES = YES;
				CLANG_ENABLE_OBJC_ARC = YES;
				CLANG_ENABLE_OBJC_WEAK = YES;
				CLANG_WARN_BLOCK_CAPTURE_AUTORELEASING = YES;
				CLANG_WARN_BOOL_CONVERSION = YES;
				CLANG_WARN_COMMA = YES;
				CLANG_WARN_CONSTANT_CONVERSION = YES;
				CLANG_WARN_DEPRECATED_OBJC_IMPLEMENTATIONS = YES;
				CLANG_WARN_DIRECT_OBJC_ISA_USAGE = YES_ERROR;
				CLANG_WARN_DOCUMENTATION_COMMENTS = YES;
				CLANG_WARN_EMPTY_BODY = YES;
				CLANG_WARN_ENUM_CONVERSION = YES;
				CLANG_WARN_INFINITE_RECURSION = YES;
				CLANG_WARN_INT_CONVERSION = YES;
				CLANG_WARN_NON_LITERAL_NULL_CONVERSION = YES;
				CLANG_WARN_OBJC_IMPLICIT_RETAIN_SELF = YES;
				CLANG_WARN_OBJC_LITERAL_CONVERSION = YES;
				CLANG_WARN_OBJC_ROOT_CLASS = YES_ERROR;
				CLANG_WARN_QUOTED_INCLUDE_IN_FRAMEWORK_HEADER = YES;
				CLANG_WARN_RANGE_LOOP_ANALYSIS = YES;
				CLANG_WARN_STRICT_PROTOTYPES = YES;
				CLANG_WARN_SUSPICIOUS_MOVE = YES;
				CLANG_WARN_UNGUARDED_AVAILABILITY = YES_AGGRESSIVE;
				CLANG_WARN_UNREACHABLE_CODE = YES;
				CLANG_WARN__DUPLICATE_METHOD_MATCH = YES;
				COPY_PHASE_STRIP = NO;
				DEBUG_INFORMATION_FORMAT = dwarf;
				ENABLE_STRICT_OBJC_MSGSEND = YES;
				ENABLE_TESTABILITY = YES;
				GCC_C_LANGUAGE_STANDARD = gnu11;
				GCC_DYNAMIC_NO_PIC = NO;
				GCC_NO_COMMON_BLOCKS = YES;
				GCC_OPTIMIZATION_LEVEL = 0;
				GCC_PREPROCESSOR_DEFINITIONS = (
					"DEBUG=1",
					"$(inherited)",
				);
				GCC_WARN_64_TO_32_BIT_CONVERSION = YES;
				GCC_WARN_ABOUT_RETURN_TYPE = YES_ERROR;
				GCC_WARN_UNDECLARED_SELECTOR = YES;
				GCC_WARN_UNINITIALIZED_AUTOS = YES_AGGRESSIVE;
				GCC_WARN_UNUSED_FUNCTION = YES;
				GCC_WARN_UNUSED_VARIABLE = YES;
				IPHONEOS_DEPLOYMENT_TARGET = 16.2;
				MTL_ENABLE_DEBUG_INFO = INCLUDE_SOURCE;
				MTL_FAST_MATH = YES;
				ONLY_ACTIVE_ARCH = YES;
				SDKROOT = iphoneos;
				SWIFT_ACTIVE_COMPILATION_CONDITIONS = DEBUG;
				SWIFT_OPTIMIZATION_LEVEL = "-Onone";
			};
			name = Debug;
		};
		5E4189542B0669DC0070EDA4 /* Release */ = {
			isa = XCBuildConfiguration;
			buildSettings = {
				ALWAYS_SEARCH_USER_PATHS = NO;
				CLANG_ANALYZER_NONNULL = YES;
				CLANG_ANALYZER_NUMBER_OBJECT_CONVERSION = YES_AGGRESSIVE;
				CLANG_CXX_LANGUAGE_STANDARD = "gnu++20";
				CLANG_ENABLE_MODULES = YES;
				CLANG_ENABLE_OBJC_ARC = YES;
				CLANG_ENABLE_OBJC_WEAK = YES;
				CLANG_WARN_BLOCK_CAPTURE_AUTORELEASING = YES;
				CLANG_WARN_BOOL_CONVERSION = YES;
				CLANG_WARN_COMMA = YES;
				CLANG_WARN_CONSTANT_CONVERSION = YES;
				CLANG_WARN_DEPRECATED_OBJC_IMPLEMENTATIONS = YES;
				CLANG_WARN_DIRECT_OBJC_ISA_USAGE = YES_ERROR;
				CLANG_WARN_DOCUMENTATION_COMMENTS = YES;
				CLANG_WARN_EMPTY_BODY = YES;
				CLANG_WARN_ENUM_CONVERSION = YES;
				CLANG_WARN_INFINITE_RECURSION = YES;
				CLANG_WARN_INT_CONVERSION = YES;
				CLANG_WARN_NON_LITERAL_NULL_CONVERSION = YES;
				CLANG_WARN_OBJC_IMPLICIT_RETAIN_SELF = YES;
				CLANG_WARN_OBJC_LITERAL_CONVERSION = YES;
				CLANG_WARN_OBJC_ROOT_CLASS = YES_ERROR;
				CLANG_WARN_QUOTED_INCLUDE_IN_FRAMEWORK_HEADER = YES;
				CLANG_WARN_RANGE_LOOP_ANALYSIS = YES;
				CLANG_WARN_STRICT_PROTOTYPES = YES;
				CLANG_WARN_SUSPICIOUS_MOVE = YES;
				CLANG_WARN_UNGUARDED_AVAILABILITY = YES_AGGRESSIVE;
				CLANG_WARN_UNREACHABLE_CODE = YES;
				CLANG_WARN__DUPLICATE_METHOD_MATCH = YES;
				COPY_PHASE_STRIP = NO;
				DEBUG_INFORMATION_FORMAT = "dwarf-with-dsym";
				ENABLE_NS_ASSERTIONS = NO;
				ENABLE_STRICT_OBJC_MSGSEND = YES;
				GCC_C_LANGUAGE_STANDARD = gnu11;
				GCC_NO_COMMON_BLOCKS = YES;
				GCC_WARN_64_TO_32_BIT_CONVERSION = YES;
				GCC_WARN_ABOUT_RETURN_TYPE = YES_ERROR;
				GCC_WARN_UNDECLARED_SELECTOR = YES;
				GCC_WARN_UNINITIALIZED_AUTOS = YES_AGGRESSIVE;
				GCC_WARN_UNUSED_FUNCTION = YES;
				GCC_WARN_UNUSED_VARIABLE = YES;
				IPHONEOS_DEPLOYMENT_TARGET = 16.2;
				MTL_ENABLE_DEBUG_INFO = NO;
				MTL_FAST_MATH = YES;
				SDKROOT = iphoneos;
				SWIFT_COMPILATION_MODE = wholemodule;
				SWIFT_OPTIMIZATION_LEVEL = "-O";
				VALIDATE_PRODUCT = YES;
			};
			name = Release;
		};
		5E4189562B0669DC0070EDA4 /* Debug */ = {
			isa = XCBuildConfiguration;
			buildSettings = {
				ASSETCATALOG_COMPILER_APPICON_NAME = AppIcon;
				ASSETCATALOG_COMPILER_GLOBAL_ACCENT_COLOR_NAME = AccentColor;
				CODE_SIGN_STYLE = Automatic;
				CURRENT_PROJECT_VERSION = 1;
				DEVELOPMENT_TEAM = 5CJTZN4988;
				GENERATE_INFOPLIST_FILE = YES;
				INFOPLIST_FILE = SKUify/Info.plist;
				INFOPLIST_KEY_UIApplicationSupportsIndirectInputEvents = YES;
				INFOPLIST_KEY_UILaunchStoryboardName = LaunchScreen;
				INFOPLIST_KEY_UIMainStoryboardFile = Main;
				INFOPLIST_KEY_UISupportedInterfaceOrientations_iPad = "UIInterfaceOrientationPortrait UIInterfaceOrientationPortraitUpsideDown UIInterfaceOrientationLandscapeLeft UIInterfaceOrientationLandscapeRight";
				INFOPLIST_KEY_UISupportedInterfaceOrientations_iPhone = "UIInterfaceOrientationPortrait UIInterfaceOrientationLandscapeLeft UIInterfaceOrientationLandscapeRight";
				LD_RUNPATH_SEARCH_PATHS = (
					"$(inherited)",
					"@executable_path/Frameworks",
				);
				MARKETING_VERSION = 1.0;
				PRODUCT_BUNDLE_IDENTIFIER = app.skuify.SKUify;
				PRODUCT_NAME = "$(TARGET_NAME)";
				SWIFT_EMIT_LOC_STRINGS = YES;
				SWIFT_VERSION = 5.0;
				TARGETED_DEVICE_FAMILY = "1,2";
			};
			name = Debug;
		};
		5E4189572B0669DC0070EDA4 /* Release */ = {
			isa = XCBuildConfiguration;
			buildSettings = {
				ASSETCATALOG_COMPILER_APPICON_NAME = AppIcon;
				ASSETCATALOG_COMPILER_GLOBAL_ACCENT_COLOR_NAME = AccentColor;
				CODE_SIGN_STYLE = Automatic;
				CURRENT_PROJECT_VERSION = 1;
				DEVELOPMENT_TEAM = 5CJTZN4988;
				GENERATE_INFOPLIST_FILE = YES;
				INFOPLIST_FILE = SKUify/Info.plist;
				INFOPLIST_KEY_UIApplicationSupportsIndirectInputEvents = YES;
				INFOPLIST_KEY_UILaunchStoryboardName = LaunchScreen;
				INFOPLIST_KEY_UIMainStoryboardFile = Main;
				INFOPLIST_KEY_UISupportedInterfaceOrientations_iPad = "UIInterfaceOrientationPortrait UIInterfaceOrientationPortraitUpsideDown UIInterfaceOrientationLandscapeLeft UIInterfaceOrientationLandscapeRight";
				INFOPLIST_KEY_UISupportedInterfaceOrientations_iPhone = "UIInterfaceOrientationPortrait UIInterfaceOrientationLandscapeLeft UIInterfaceOrientationLandscapeRight";
				LD_RUNPATH_SEARCH_PATHS = (
					"$(inherited)",
					"@executable_path/Frameworks",
				);
				MARKETING_VERSION = 1.0;
				PRODUCT_BUNDLE_IDENTIFIER = app.skuify.SKUify;
				PRODUCT_NAME = "$(TARGET_NAME)";
				SWIFT_EMIT_LOC_STRINGS = YES;
				SWIFT_VERSION = 5.0;
				TARGETED_DEVICE_FAMILY = "1,2";
			};
			name = Release;
		};
		5E4189592B0669DC0070EDA4 /* Debug */ = {
			isa = XCBuildConfiguration;
			buildSettings = {
				ALWAYS_EMBED_SWIFT_STANDARD_LIBRARIES = YES;
				BUNDLE_LOADER = "$(TEST_HOST)";
				CODE_SIGN_STYLE = Automatic;
				CURRENT_PROJECT_VERSION = 1;
				DEVELOPMENT_TEAM = 5CJTZN4988;
				GENERATE_INFOPLIST_FILE = YES;
				IPHONEOS_DEPLOYMENT_TARGET = 16.2;
				MARKETING_VERSION = 1.0;
				PRODUCT_BUNDLE_IDENTIFIER = app.skuify.SKUifyTests;
				PRODUCT_NAME = "$(TARGET_NAME)";
				SWIFT_EMIT_LOC_STRINGS = NO;
				SWIFT_VERSION = 5.0;
				TARGETED_DEVICE_FAMILY = "1,2";
				TEST_HOST = "$(BUILT_PRODUCTS_DIR)/SKUify.app/$(BUNDLE_EXECUTABLE_FOLDER_PATH)/SKUify";
			};
			name = Debug;
		};
		5E41895A2B0669DC0070EDA4 /* Release */ = {
			isa = XCBuildConfiguration;
			buildSettings = {
				ALWAYS_EMBED_SWIFT_STANDARD_LIBRARIES = YES;
				BUNDLE_LOADER = "$(TEST_HOST)";
				CODE_SIGN_STYLE = Automatic;
				CURRENT_PROJECT_VERSION = 1;
				DEVELOPMENT_TEAM = 5CJTZN4988;
				GENERATE_INFOPLIST_FILE = YES;
				IPHONEOS_DEPLOYMENT_TARGET = 16.2;
				MARKETING_VERSION = 1.0;
				PRODUCT_BUNDLE_IDENTIFIER = app.skuify.SKUifyTests;
				PRODUCT_NAME = "$(TARGET_NAME)";
				SWIFT_EMIT_LOC_STRINGS = NO;
				SWIFT_VERSION = 5.0;
				TARGETED_DEVICE_FAMILY = "1,2";
				TEST_HOST = "$(BUILT_PRODUCTS_DIR)/SKUify.app/$(BUNDLE_EXECUTABLE_FOLDER_PATH)/SKUify";
			};
			name = Release;
		};
		5E41895C2B0669DC0070EDA4 /* Debug */ = {
			isa = XCBuildConfiguration;
			buildSettings = {
				ALWAYS_EMBED_SWIFT_STANDARD_LIBRARIES = YES;
				CODE_SIGN_STYLE = Automatic;
				CURRENT_PROJECT_VERSION = 1;
				DEVELOPMENT_TEAM = 5CJTZN4988;
				GENERATE_INFOPLIST_FILE = YES;
				MARKETING_VERSION = 1.0;
				PRODUCT_BUNDLE_IDENTIFIER = app.skuify.SKUifyUITests;
				PRODUCT_NAME = "$(TARGET_NAME)";
				SWIFT_EMIT_LOC_STRINGS = NO;
				SWIFT_VERSION = 5.0;
				TARGETED_DEVICE_FAMILY = "1,2";
				TEST_TARGET_NAME = SKUify;
			};
			name = Debug;
		};
		5E41895D2B0669DC0070EDA4 /* Release */ = {
			isa = XCBuildConfiguration;
			buildSettings = {
				ALWAYS_EMBED_SWIFT_STANDARD_LIBRARIES = YES;
				CODE_SIGN_STYLE = Automatic;
				CURRENT_PROJECT_VERSION = 1;
				DEVELOPMENT_TEAM = 5CJTZN4988;
				GENERATE_INFOPLIST_FILE = YES;
				MARKETING_VERSION = 1.0;
				PRODUCT_BUNDLE_IDENTIFIER = app.skuify.SKUifyUITests;
				PRODUCT_NAME = "$(TARGET_NAME)";
				SWIFT_EMIT_LOC_STRINGS = NO;
				SWIFT_VERSION = 5.0;
				TARGETED_DEVICE_FAMILY = "1,2";
				TEST_TARGET_NAME = SKUify;
			};
			name = Release;
		};
/* End XCBuildConfiguration section */

/* Begin XCConfigurationList section */
		5E4189262B0669DB0070EDA4 /* Build configuration list for PBXProject "SKUify" */ = {
			isa = XCConfigurationList;
			buildConfigurations = (
				5E4189532B0669DC0070EDA4 /* Debug */,
				5E4189542B0669DC0070EDA4 /* Release */,
			);
			defaultConfigurationIsVisible = 0;
			defaultConfigurationName = Release;
		};
		5E4189552B0669DC0070EDA4 /* Build configuration list for PBXNativeTarget "SKUify" */ = {
			isa = XCConfigurationList;
			buildConfigurations = (
				5E4189562B0669DC0070EDA4 /* Debug */,
				5E4189572B0669DC0070EDA4 /* Release */,
			);
			defaultConfigurationIsVisible = 0;
			defaultConfigurationName = Release;
		};
		5E4189582B0669DC0070EDA4 /* Build configuration list for PBXNativeTarget "SKUifyTests" */ = {
			isa = XCConfigurationList;
			buildConfigurations = (
				5E4189592B0669DC0070EDA4 /* Debug */,
				5E41895A2B0669DC0070EDA4 /* Release */,
			);
			defaultConfigurationIsVisible = 0;
			defaultConfigurationName = Release;
		};
		5E41895B2B0669DC0070EDA4 /* Build configuration list for PBXNativeTarget "SKUifyUITests" */ = {
			isa = XCConfigurationList;
			buildConfigurations = (
				5E41895C2B0669DC0070EDA4 /* Debug */,
				5E41895D2B0669DC0070EDA4 /* Release */,
			);
			defaultConfigurationIsVisible = 0;
			defaultConfigurationName = Release;
		};
/* End XCConfigurationList section */
	};
	rootObject = 5E4189232B0669DB0070EDA4 /* Project object */;
}
